NeoBundleLock ctrlp.vim bde7a2950adaa82e894d7bdf69e3e7383e40d229
NeoBundleLock neobundle.vim 4c9a273fd085db60368b3f0fe5a4f2acf2c121df
NeoBundleLock neosnippet-snippets 63c9182d34a618f8dfc22d7c2a3f4ffe3d7101ef
NeoBundleLock neosnippet.vim c86a19b06a39da938d599f26775522e7a98cb65b
NeoBundleLock vim-airline 031cb310565e281aa8e0697e6fd753fb1f86d16c
NeoBundleLock vim-airline-themes af3292dbbb6d8abe35d0ad50bd86b6ac6219abb7
NeoBundleLock vim-colorschemes eab315701f4627967fd62582eefc4e37a3745786
NeoBundleLock vim-fugitive 8f60d1d459362771cb68c0097565efdf52e62ec3
NeoBundleLock vimshell 3787e52766812d8b99a93ccdda57517bc2a0bab6
